// !$*UTF8*$!
{
	archiveVersion = 1;
	classes = {
	};
	objectVersion = 56;
	objects = {

/* Begin PBXBuildFile section */
		745BD1692931122E002A2CCE /* MainScrolView.swift in Sources */ = {isa = PBXBuildFile; fileRef = 745BD1682931122E002A2CCE /* MainScrolView.swift */; };
		7463548F292D86E4009DA36B /* UIColor + Ext.swift in Sources */ = {isa = PBXBuildFile; fileRef = 7463548E292D86E4009DA36B /* UIColor + Ext.swift */; };
		74635492292D8A09009DA36B /* ConfirmationViewController.swift in Sources */ = {isa = PBXBuildFile; fileRef = 74635491292D8A09009DA36B /* ConfirmationViewController.swift */; };
		74635494292D8A1B009DA36B /* ConfirmationView.swift in Sources */ = {isa = PBXBuildFile; fileRef = 74635493292D8A1B009DA36B /* ConfirmationView.swift */; };
		74635497292E0E88009DA36B /* SearchViewController.swift in Sources */ = {isa = PBXBuildFile; fileRef = 74635496292E0E88009DA36B /* SearchViewController.swift */; };
		74635499292E0E96009DA36B /* SearchView.swift in Sources */ = {isa = PBXBuildFile; fileRef = 74635498292E0E96009DA36B /* SearchView.swift */; };
		7463549D292E2008009DA36B /* ShopCollectionViewCell.swift in Sources */ = {isa = PBXBuildFile; fileRef = 7463549C292E2008009DA36B /* ShopCollectionViewCell.swift */; };
		7463549F292E63AF009DA36B /* ItemTableViewCell.swift in Sources */ = {isa = PBXBuildFile; fileRef = 7463549E292E63AF009DA36B /* ItemTableViewCell.swift */; };
		74AF9E77292E7A9F000107DB /* UIButton + Ext.swift in Sources */ = {isa = PBXBuildFile; fileRef = 74AF9E76292E7A9F000107DB /* UIButton + Ext.swift */; };
		74AF9E79292E8276000107DB /* UIStackView + Ext.swift in Sources */ = {isa = PBXBuildFile; fileRef = 74AF9E78292E8276000107DB /* UIStackView + Ext.swift */; };
		74AF9E7C292E939D000107DB /* DetailViewController.swift in Sources */ = {isa = PBXBuildFile; fileRef = 74AF9E7B292E939D000107DB /* DetailViewController.swift */; };
		74AF9E7E292E9DA0000107DB /* DetailView.swift in Sources */ = {isa = PBXBuildFile; fileRef = 74AF9E7D292E9DA0000107DB /* DetailView.swift */; };
		74AF9E80292EA6E7000107DB /* TermsTableViewCell.swift in Sources */ = {isa = PBXBuildFile; fileRef = 74AF9E7F292EA6E7000107DB /* TermsTableViewCell.swift */; };
		74B1AA9A292F713A00DBB403 /* Parser.swift in Sources */ = {isa = PBXBuildFile; fileRef = 74B1AA99292F713A00DBB403 /* Parser.swift */; };
		74B1AA9C292F71E900DBB403 /* SignInModel.swift in Sources */ = {isa = PBXBuildFile; fileRef = 74B1AA9B292F71E900DBB403 /* SignInModel.swift */; };
		74B1AA9E292F8F8300DBB403 /* ItemModel.swift in Sources */ = {isa = PBXBuildFile; fileRef = 74B1AA9D292F8F8300DBB403 /* ItemModel.swift */; };
		74B1AAA1292F92A900DBB403 /* CompaignModelView.swift in Sources */ = {isa = PBXBuildFile; fileRef = 74B1AAA0292F92A900DBB403 /* CompaignModelView.swift */; };
		74B1AAA3292FF2C000DBB403 /* ProductViewModel.swift in Sources */ = {isa = PBXBuildFile; fileRef = 74B1AAA2292FF2C000DBB403 /* ProductViewModel.swift */; };
		74B1AAA729303E7E00DBB403 /* GetImagesFromURL.swift in Sources */ = {isa = PBXBuildFile; fileRef = 74B1AAA629303E7E00DBB403 /* GetImagesFromURL.swift */; };
		74C0E6FD293545C70034E382 /* UIString + Ext.swift in Sources */ = {isa = PBXBuildFile; fileRef = 74C0E6FC293545C70034E382 /* UIString + Ext.swift */; };
		74C0E70129355A8E0034E382 /* UIViewController + Ext.swift in Sources */ = {isa = PBXBuildFile; fileRef = 74C0E70029355A8E0034E382 /* UIViewController + Ext.swift */; };
		74C0E70329358DE20034E382 /* UIImage + Ext.swift in Sources */ = {isa = PBXBuildFile; fileRef = 74C0E70229358DE10034E382 /* UIImage + Ext.swift */; };
		74DB710F292D63A0006375A1 /* AppDelegate.swift in Sources */ = {isa = PBXBuildFile; fileRef = 74DB710E292D63A0006375A1 /* AppDelegate.swift */; };
		74DB7111292D63A0006375A1 /* SceneDelegate.swift in Sources */ = {isa = PBXBuildFile; fileRef = 74DB7110292D63A0006375A1 /* SceneDelegate.swift */; };
		74DB7113292D63A0006375A1 /* SignInViewController.swift in Sources */ = {isa = PBXBuildFile; fileRef = 74DB7112292D63A0006375A1 /* SignInViewController.swift */; };
		74DB7118292D63A3006375A1 /* Assets.xcassets in Resources */ = {isa = PBXBuildFile; fileRef = 74DB7117292D63A3006375A1 /* Assets.xcassets */; };
		74DB711B292D63A3006375A1 /* LaunchScreen.storyboard in Resources */ = {isa = PBXBuildFile; fileRef = 74DB7119292D63A3006375A1 /* LaunchScreen.storyboard */; };
		74DB712A292D6BD7006375A1 /* SignInView.swift in Sources */ = {isa = PBXBuildFile; fileRef = 74DB7129292D6BD7006375A1 /* SignInView.swift */; };
		74DB712D292D6EE0006375A1 /* Constants.swift in Sources */ = {isa = PBXBuildFile; fileRef = 74DB712C292D6EE0006375A1 /* Constants.swift */; };
		74DB7130292D7293006375A1 /* UILabel + Ext.swift in Sources */ = {isa = PBXBuildFile; fileRef = 74DB712F292D7293006375A1 /* UILabel + Ext.swift */; };
/* End PBXBuildFile section */

/* Begin PBXFileReference section */
		745BD1682931122E002A2CCE /* MainScrolView.swift */ = {isa = PBXFileReference; lastKnownFileType = sourcecode.swift; path = MainScrolView.swift; sourceTree = "<group>"; };
		7463548E292D86E4009DA36B /* UIColor + Ext.swift */ = {isa = PBXFileReference; lastKnownFileType = sourcecode.swift; path = "UIColor + Ext.swift"; sourceTree = "<group>"; };
		74635491292D8A09009DA36B /* ConfirmationViewController.swift */ = {isa = PBXFileReference; lastKnownFileType = sourcecode.swift; path = ConfirmationViewController.swift; sourceTree = "<group>"; };
		74635493292D8A1B009DA36B /* ConfirmationView.swift */ = {isa = PBXFileReference; lastKnownFileType = sourcecode.swift; path = ConfirmationView.swift; sourceTree = "<group>"; };
		74635496292E0E88009DA36B /* SearchViewController.swift */ = {isa = PBXFileReference; lastKnownFileType = sourcecode.swift; path = SearchViewController.swift; sourceTree = "<group>"; };
		74635498292E0E96009DA36B /* SearchView.swift */ = {isa = PBXFileReference; lastKnownFileType = sourcecode.swift; path = SearchView.swift; sourceTree = "<group>"; };
		7463549C292E2008009DA36B /* ShopCollectionViewCell.swift */ = {isa = PBXFileReference; lastKnownFileType = sourcecode.swift; path = ShopCollectionViewCell.swift; sourceTree = "<group>"; };
		7463549E292E63AF009DA36B /* ItemTableViewCell.swift */ = {isa = PBXFileReference; lastKnownFileType = sourcecode.swift; path = ItemTableViewCell.swift; sourceTree = "<group>"; };
		74AF9E76292E7A9F000107DB /* UIButton + Ext.swift */ = {isa = PBXFileReference; lastKnownFileType = sourcecode.swift; path = "UIButton + Ext.swift"; sourceTree = "<group>"; };
		74AF9E78292E8276000107DB /* UIStackView + Ext.swift */ = {isa = PBXFileReference; lastKnownFileType = sourcecode.swift; path = "UIStackView + Ext.swift"; sourceTree = "<group>"; };
		74AF9E7B292E939D000107DB /* DetailViewController.swift */ = {isa = PBXFileReference; lastKnownFileType = sourcecode.swift; path = DetailViewController.swift; sourceTree = "<group>"; };
		74AF9E7D292E9DA0000107DB /* DetailView.swift */ = {isa = PBXFileReference; lastKnownFileType = sourcecode.swift; path = DetailView.swift; sourceTree = "<group>"; };
		74AF9E7F292EA6E7000107DB /* TermsTableViewCell.swift */ = {isa = PBXFileReference; lastKnownFileType = sourcecode.swift; path = TermsTableViewCell.swift; sourceTree = "<group>"; };
		74B1AA99292F713A00DBB403 /* Parser.swift */ = {isa = PBXFileReference; lastKnownFileType = sourcecode.swift; path = Parser.swift; sourceTree = "<group>"; };
		74B1AA9B292F71E900DBB403 /* SignInModel.swift */ = {isa = PBXFileReference; lastKnownFileType = sourcecode.swift; path = SignInModel.swift; sourceTree = "<group>"; };
		74B1AA9D292F8F8300DBB403 /* ItemModel.swift */ = {isa = PBXFileReference; lastKnownFileType = sourcecode.swift; path = ItemModel.swift; sourceTree = "<group>"; };
		74B1AAA0292F92A900DBB403 /* CompaignModelView.swift */ = {isa = PBXFileReference; lastKnownFileType = sourcecode.swift; path = CompaignModelView.swift; sourceTree = "<group>"; };
		74B1AAA2292FF2C000DBB403 /* ProductViewModel.swift */ = {isa = PBXFileReference; lastKnownFileType = sourcecode.swift; path = ProductViewModel.swift; sourceTree = "<group>"; };
		74B1AAA629303E7E00DBB403 /* GetImagesFromURL.swift */ = {isa = PBXFileReference; lastKnownFileType = sourcecode.swift; path = GetImagesFromURL.swift; sourceTree = "<group>"; };
		74C0E6FC293545C70034E382 /* UIString + Ext.swift */ = {isa = PBXFileReference; lastKnownFileType = sourcecode.swift; path = "UIString + Ext.swift"; sourceTree = "<group>"; };
		74C0E70029355A8E0034E382 /* UIViewController + Ext.swift */ = {isa = PBXFileReference; lastKnownFileType = sourcecode.swift; path = "UIViewController + Ext.swift"; sourceTree = "<group>"; };
		74C0E70229358DE10034E382 /* UIImage + Ext.swift */ = {isa = PBXFileReference; lastKnownFileType = sourcecode.swift; path = "UIImage + Ext.swift"; sourceTree = "<group>"; };
		74DB710B292D63A0006375A1 /* UTcoin.app */ = {isa = PBXFileReference; explicitFileType = wrapper.application; includeInIndex = 0; path = UTcoin.app; sourceTree = BUILT_PRODUCTS_DIR; };
		74DB710E292D63A0006375A1 /* AppDelegate.swift */ = {isa = PBXFileReference; lastKnownFileType = sourcecode.swift; path = AppDelegate.swift; sourceTree = "<group>"; };
		74DB7110292D63A0006375A1 /* SceneDelegate.swift */ = {isa = PBXFileReference; lastKnownFileType = sourcecode.swift; path = SceneDelegate.swift; sourceTree = "<group>"; };
		74DB7112292D63A0006375A1 /* SignInViewController.swift */ = {isa = PBXFileReference; lastKnownFileType = sourcecode.swift; path = SignInViewController.swift; sourceTree = "<group>"; };
		74DB7117292D63A3006375A1 /* Assets.xcassets */ = {isa = PBXFileReference; lastKnownFileType = folder.assetcatalog; path = Assets.xcassets; sourceTree = "<group>"; };
		74DB711A292D63A3006375A1 /* Base */ = {isa = PBXFileReference; lastKnownFileType = file.storyboard; name = Base; path = Base.lproj/LaunchScreen.storyboard; sourceTree = "<group>"; };
		74DB711C292D63A3006375A1 /* Info.plist */ = {isa = PBXFileReference; lastKnownFileType = text.plist.xml; path = Info.plist; sourceTree = "<group>"; };
		74DB7129292D6BD7006375A1 /* SignInView.swift */ = {isa = PBXFileReference; lastKnownFileType = sourcecode.swift; path = SignInView.swift; sourceTree = "<group>"; };
		74DB712C292D6EE0006375A1 /* Constants.swift */ = {isa = PBXFileReference; lastKnownFileType = sourcecode.swift; path = Constants.swift; sourceTree = "<group>"; };
		74DB712F292D7293006375A1 /* UILabel + Ext.swift */ = {isa = PBXFileReference; lastKnownFileType = sourcecode.swift; path = "UILabel + Ext.swift"; sourceTree = "<group>"; };
/* End PBXFileReference section */

/* Begin PBXFrameworksBuildPhase section */
		74DB7108292D63A0006375A1 /* Frameworks */ = {
			isa = PBXFrameworksBuildPhase;
			buildActionMask = 2147483647;
			files = (
			);
			runOnlyForDeploymentPostprocessing = 0;
		};
/* End PBXFrameworksBuildPhase section */

/* Begin PBXGroup section */
		74635490292D89C4009DA36B /* СonfirmationScreen */ = {
			isa = PBXGroup;
			children = (
				74635491292D8A09009DA36B /* ConfirmationViewController.swift */,
				74635493292D8A1B009DA36B /* ConfirmationView.swift */,
			);
			path = "СonfirmationScreen";
			sourceTree = "<group>";
		};
		74635495292E0E65009DA36B /* SearchScreen */ = {
			isa = PBXGroup;
			children = (
				74635496292E0E88009DA36B /* SearchViewController.swift */,
				74635498292E0E96009DA36B /* SearchView.swift */,
				7463549C292E2008009DA36B /* ShopCollectionViewCell.swift */,
				7463549E292E63AF009DA36B /* ItemTableViewCell.swift */,
			);
			path = SearchScreen;
			sourceTree = "<group>";
		};
		74AF9E7A292E937F000107DB /* DetailScreen */ = {
			isa = PBXGroup;
			children = (
				74AF9E7B292E939D000107DB /* DetailViewController.swift */,
				74AF9E7D292E9DA0000107DB /* DetailView.swift */,
				74AF9E7F292EA6E7000107DB /* TermsTableViewCell.swift */,
				745BD1682931122E002A2CCE /* MainScrolView.swift */,
			);
			path = DetailScreen;
			sourceTree = "<group>";
		};
		74B1AA98292F711900DBB403 /* Network */ = {
			isa = PBXGroup;
			children = (
				74B1AA99292F713A00DBB403 /* Parser.swift */,
			);
			path = Network;
			sourceTree = "<group>";
		};
		74B1AA9F292F929300DBB403 /* ViewModel */ = {
			isa = PBXGroup;
			children = (
				74B1AAA0292F92A900DBB403 /* CompaignModelView.swift */,
				74B1AAA2292FF2C000DBB403 /* ProductViewModel.swift */,
			);
			path = ViewModel;
			sourceTree = "<group>";
		};
		74B1AAA829304B3900DBB403 /* Screens */ = {
			isa = PBXGroup;
			children = (
				74635490292D89C4009DA36B /* СonfirmationScreen */,
				74AF9E7A292E937F000107DB /* DetailScreen */,
				74635495292E0E65009DA36B /* SearchScreen */,
				74DB7128292D6B37006375A1 /* SignInScreen */,
			);
			path = Screens;
			sourceTree = "<group>";
		};
		74DB7102292D63A0006375A1 = {
			isa = PBXGroup;
			children = (
				74DB710D292D63A0006375A1 /* UTcoin */,
				74DB710C292D63A0006375A1 /* Products */,
			);
			sourceTree = "<group>";
		};
		74DB710C292D63A0006375A1 /* Products */ = {
			isa = PBXGroup;
			children = (
				74DB710B292D63A0006375A1 /* UTcoin.app */,
			);
			name = Products;
			sourceTree = "<group>";
		};
		74DB710D292D63A0006375A1 /* UTcoin */ = {
			isa = PBXGroup;
			children = (
				74DB7123292D653B006375A1 /* Aplication */,
				74B1AAA829304B3900DBB403 /* Screens */,
				74DB712E292D727A006375A1 /* Extentions */,
				74DB7127292D6564006375A1 /* Helpers */,
				74DB7126292D6558006375A1 /* Model */,
				74B1AA98292F711900DBB403 /* Network */,
				74DB7122292D6401006375A1 /* Resources */,
			);
			path = UTcoin;
			sourceTree = "<group>";
		};
		74DB7122292D6401006375A1 /* Resources */ = {
			isa = PBXGroup;
			children = (
				74DB7117292D63A3006375A1 /* Assets.xcassets */,
				74DB7119292D63A3006375A1 /* LaunchScreen.storyboard */,
				74DB711C292D63A3006375A1 /* Info.plist */,
				74DB712C292D6EE0006375A1 /* Constants.swift */,
			);
			path = Resources;
			sourceTree = "<group>";
		};
		74DB7123292D653B006375A1 /* Aplication */ = {
			isa = PBXGroup;
			children = (
				74DB710E292D63A0006375A1 /* AppDelegate.swift */,
				74DB7110292D63A0006375A1 /* SceneDelegate.swift */,
			);
			path = Aplication;
			sourceTree = "<group>";
		};
		74DB7126292D6558006375A1 /* Model */ = {
			isa = PBXGroup;
			children = (
				74B1AA9F292F929300DBB403 /* ViewModel */,
				74B1AA9B292F71E900DBB403 /* SignInModel.swift */,
				74B1AA9D292F8F8300DBB403 /* ItemModel.swift */,
			);
			path = Model;
			sourceTree = "<group>";
		};
		74DB7127292D6564006375A1 /* Helpers */ = {
			isa = PBXGroup;
			children = (
				74B1AAA629303E7E00DBB403 /* GetImagesFromURL.swift */,
			);
			path = Helpers;
			sourceTree = "<group>";
		};
		74DB7128292D6B37006375A1 /* SignInScreen */ = {
			isa = PBXGroup;
			children = (
				74DB7112292D63A0006375A1 /* SignInViewController.swift */,
				74DB7129292D6BD7006375A1 /* SignInView.swift */,
			);
			path = SignInScreen;
			sourceTree = "<group>";
		};
		74DB712E292D727A006375A1 /* Extentions */ = {
			isa = PBXGroup;
			children = (
				74DB712F292D7293006375A1 /* UILabel + Ext.swift */,
				7463548E292D86E4009DA36B /* UIColor + Ext.swift */,
				74AF9E76292E7A9F000107DB /* UIButton + Ext.swift */,
				74AF9E78292E8276000107DB /* UIStackView + Ext.swift */,
				74C0E6FC293545C70034E382 /* UIString + Ext.swift */,
				74C0E70029355A8E0034E382 /* UIViewController + Ext.swift */,
				74C0E70229358DE10034E382 /* UIImage + Ext.swift */,
			);
			path = Extentions;
			sourceTree = "<group>";
		};
/* End PBXGroup section */

/* Begin PBXNativeTarget section */
		74DB710A292D63A0006375A1 /* UTcoin */ = {
			isa = PBXNativeTarget;
			buildConfigurationList = 74DB711F292D63A3006375A1 /* Build configuration list for PBXNativeTarget "UTcoin" */;
			buildPhases = (
				74DB7107292D63A0006375A1 /* Sources */,
				74DB7108292D63A0006375A1 /* Frameworks */,
				74DB7109292D63A0006375A1 /* Resources */,
			);
			buildRules = (
			);
			dependencies = (
			);
			name = UTcoin;
			productName = UTcoin;
			productReference = 74DB710B292D63A0006375A1 /* UTcoin.app */;
			productType = "com.apple.product-type.application";
		};
/* End PBXNativeTarget section */

/* Begin PBXProject section */
		74DB7103292D63A0006375A1 /* Project object */ = {
			isa = PBXProject;
			attributes = {
				BuildIndependentTargetsInParallel = 1;
				LastSwiftUpdateCheck = 1400;
				LastUpgradeCheck = 1400;
				TargetAttributes = {
					74DB710A292D63A0006375A1 = {
						CreatedOnToolsVersion = 14.0;
					};
				};
			};
			buildConfigurationList = 74DB7106292D63A0006375A1 /* Build configuration list for PBXProject "UTcoin" */;
			compatibilityVersion = "Xcode 14.0";
			developmentRegion = en;
			hasScannedForEncodings = 0;
			knownRegions = (
				en,
				Base,
			);
			mainGroup = 74DB7102292D63A0006375A1;
			productRefGroup = 74DB710C292D63A0006375A1 /* Products */;
			projectDirPath = "";
			projectRoot = "";
			targets = (
				74DB710A292D63A0006375A1 /* UTcoin */,
			);
		};
/* End PBXProject section */

/* Begin PBXResourcesBuildPhase section */
		74DB7109292D63A0006375A1 /* Resources */ = {
			isa = PBXResourcesBuildPhase;
			buildActionMask = 2147483647;
			files = (
				74DB711B292D63A3006375A1 /* LaunchScreen.storyboard in Resources */,
				74DB7118292D63A3006375A1 /* Assets.xcassets in Resources */,
			);
			runOnlyForDeploymentPostprocessing = 0;
		};
/* End PBXResourcesBuildPhase section */

/* Begin PBXSourcesBuildPhase section */
		74DB7107292D63A0006375A1 /* Sources */ = {
			isa = PBXSourcesBuildPhase;
			buildActionMask = 2147483647;
			files = (
				74635497292E0E88009DA36B /* SearchViewController.swift in Sources */,
				745BD1692931122E002A2CCE /* MainScrolView.swift in Sources */,
				74B1AAA729303E7E00DBB403 /* GetImagesFromURL.swift in Sources */,
				74B1AA9E292F8F8300DBB403 /* ItemModel.swift in Sources */,
				7463549D292E2008009DA36B /* ShopCollectionViewCell.swift in Sources */,
				74DB7130292D7293006375A1 /* UILabel + Ext.swift in Sources */,
				74DB712D292D6EE0006375A1 /* Constants.swift in Sources */,
				74C0E70329358DE20034E382 /* UIImage + Ext.swift in Sources */,
				74C0E70129355A8E0034E382 /* UIViewController + Ext.swift in Sources */,
				74AF9E77292E7A9F000107DB /* UIButton + Ext.swift in Sources */,
				74AF9E7C292E939D000107DB /* DetailViewController.swift in Sources */,
				74635499292E0E96009DA36B /* SearchView.swift in Sources */,
				74635492292D8A09009DA36B /* ConfirmationViewController.swift in Sources */,
				74AF9E80292EA6E7000107DB /* TermsTableViewCell.swift in Sources */,
				74B1AAA1292F92A900DBB403 /* CompaignModelView.swift in Sources */,
				74B1AAA3292FF2C000DBB403 /* ProductViewModel.swift in Sources */,
				74C0E6FD293545C70034E382 /* UIString + Ext.swift in Sources */,
				74DB7113292D63A0006375A1 /* SignInViewController.swift in Sources */,
				74B1AA9C292F71E900DBB403 /* SignInModel.swift in Sources */,
				74635494292D8A1B009DA36B /* ConfirmationView.swift in Sources */,
				74DB710F292D63A0006375A1 /* AppDelegate.swift in Sources */,
				74DB712A292D6BD7006375A1 /* SignInView.swift in Sources */,
				74DB7111292D63A0006375A1 /* SceneDelegate.swift in Sources */,
				7463549F292E63AF009DA36B /* ItemTableViewCell.swift in Sources */,
				74B1AA9A292F713A00DBB403 /* Parser.swift in Sources */,
				74AF9E7E292E9DA0000107DB /* DetailView.swift in Sources */,
				74AF9E79292E8276000107DB /* UIStackView + Ext.swift in Sources */,
				7463548F292D86E4009DA36B /* UIColor + Ext.swift in Sources */,
			);
			runOnlyForDeploymentPostprocessing = 0;
		};
/* End PBXSourcesBuildPhase section */

/* Begin PBXVariantGroup section */
		74DB7119292D63A3006375A1 /* LaunchScreen.storyboard */ = {
			isa = PBXVariantGroup;
			children = (
				74DB711A292D63A3006375A1 /* Base */,
			);
			name = LaunchScreen.storyboard;
			sourceTree = "<group>";
		};
/* End PBXVariantGroup section */

/* Begin XCBuildConfiguration section */
		74DB711D292D63A3006375A1 /* Debug */ = {
			isa = XCBuildConfiguration;
			buildSettings = {
				ALWAYS_SEARCH_USER_PATHS = NO;
				CLANG_ANALYZER_NONNULL = YES;
				CLANG_ANALYZER_NUMBER_OBJECT_CONVERSION = YES_AGGRESSIVE;
				CLANG_CXX_LANGUAGE_STANDARD = "gnu++20";
				CLANG_ENABLE_MODULES = YES;
				CLANG_ENABLE_OBJC_ARC = YES;
				CLANG_ENABLE_OBJC_WEAK = YES;
				CLANG_WARN_BLOCK_CAPTURE_AUTORELEASING = YES;
				CLANG_WARN_BOOL_CONVERSION = YES;
				CLANG_WARN_COMMA = YES;
				CLANG_WARN_CONSTANT_CONVERSION = YES;
				CLANG_WARN_DEPRECATED_OBJC_IMPLEMENTATIONS = YES;
				CLANG_WARN_DIRECT_OBJC_ISA_USAGE = YES_ERROR;
				CLANG_WARN_DOCUMENTATION_COMMENTS = YES;
				CLANG_WARN_EMPTY_BODY = YES;
				CLANG_WARN_ENUM_CONVERSION = YES;
				CLANG_WARN_INFINITE_RECURSION = YES;
				CLANG_WARN_INT_CONVERSION = YES;
				CLANG_WARN_NON_LITERAL_NULL_CONVERSION = YES;
				CLANG_WARN_OBJC_IMPLICIT_RETAIN_SELF = YES;
				CLANG_WARN_OBJC_LITERAL_CONVERSION = YES;
				CLANG_WARN_OBJC_ROOT_CLASS = YES_ERROR;
				CLANG_WARN_QUOTED_INCLUDE_IN_FRAMEWORK_HEADER = YES;
				CLANG_WARN_RANGE_LOOP_ANALYSIS = YES;
				CLANG_WARN_STRICT_PROTOTYPES = YES;
				CLANG_WARN_SUSPICIOUS_MOVE = YES;
				CLANG_WARN_UNGUARDED_AVAILABILITY = YES_AGGRESSIVE;
				CLANG_WARN_UNREACHABLE_CODE = YES;
				CLANG_WARN__DUPLICATE_METHOD_MATCH = YES;
				COPY_PHASE_STRIP = NO;
				DEBUG_INFORMATION_FORMAT = dwarf;
				ENABLE_STRICT_OBJC_MSGSEND = YES;
				ENABLE_TESTABILITY = YES;
				GCC_C_LANGUAGE_STANDARD = gnu11;
				GCC_DYNAMIC_NO_PIC = NO;
				GCC_NO_COMMON_BLOCKS = YES;
				GCC_OPTIMIZATION_LEVEL = 0;
				GCC_PREPROCESSOR_DEFINITIONS = (
					"DEBUG=1",
					"$(inherited)",
				);
				GCC_WARN_64_TO_32_BIT_CONVERSION = YES;
				GCC_WARN_ABOUT_RETURN_TYPE = YES_ERROR;
				GCC_WARN_UNDECLARED_SELECTOR = YES;
				GCC_WARN_UNINITIALIZED_AUTOS = YES_AGGRESSIVE;
				GCC_WARN_UNUSED_FUNCTION = YES;
				GCC_WARN_UNUSED_VARIABLE = YES;
				IPHONEOS_DEPLOYMENT_TARGET = 15.0;
				MTL_ENABLE_DEBUG_INFO = INCLUDE_SOURCE;
				MTL_FAST_MATH = YES;
				ONLY_ACTIVE_ARCH = YES;
				SDKROOT = iphoneos;
				SWIFT_ACTIVE_COMPILATION_CONDITIONS = DEBUG;
				SWIFT_OPTIMIZATION_LEVEL = "-Onone";
			};
			name = Debug;
		};
		74DB711E292D63A3006375A1 /* Release */ = {
			isa = XCBuildConfiguration;
			buildSettings = {
				ALWAYS_SEARCH_USER_PATHS = NO;
				CLANG_ANALYZER_NONNULL = YES;
				CLANG_ANALYZER_NUMBER_OBJECT_CONVERSION = YES_AGGRESSIVE;
				CLANG_CXX_LANGUAGE_STANDARD = "gnu++20";
				CLANG_ENABLE_MODULES = YES;
				CLANG_ENABLE_OBJC_ARC = YES;
				CLANG_ENABLE_OBJC_WEAK = YES;
				CLANG_WARN_BLOCK_CAPTURE_AUTORELEASING = YES;
				CLANG_WARN_BOOL_CONVERSION = YES;
				CLANG_WARN_COMMA = YES;
				CLANG_WARN_CONSTANT_CONVERSION = YES;
				CLANG_WARN_DEPRECATED_OBJC_IMPLEMENTATIONS = YES;
				CLANG_WARN_DIRECT_OBJC_ISA_USAGE = YES_ERROR;
				CLANG_WARN_DOCUMENTATION_COMMENTS = YES;
				CLANG_WARN_EMPTY_BODY = YES;
				CLANG_WARN_ENUM_CONVERSION = YES;
				CLANG_WARN_INFINITE_RECURSION = YES;
				CLANG_WARN_INT_CONVERSION = YES;
				CLANG_WARN_NON_LITERAL_NULL_CONVERSION = YES;
				CLANG_WARN_OBJC_IMPLICIT_RETAIN_SELF = YES;
				CLANG_WARN_OBJC_LITERAL_CONVERSION = YES;
				CLANG_WARN_OBJC_ROOT_CLASS = YES_ERROR;
				CLANG_WARN_QUOTED_INCLUDE_IN_FRAMEWORK_HEADER = YES;
				CLANG_WARN_RANGE_LOOP_ANALYSIS = YES;
				CLANG_WARN_STRICT_PROTOTYPES = YES;
				CLANG_WARN_SUSPICIOUS_MOVE = YES;
				CLANG_WARN_UNGUARDED_AVAILABILITY = YES_AGGRESSIVE;
				CLANG_WARN_UNREACHABLE_CODE = YES;
				CLANG_WARN__DUPLICATE_METHOD_MATCH = YES;
				COPY_PHASE_STRIP = NO;
				DEBUG_INFORMATION_FORMAT = "dwarf-with-dsym";
				ENABLE_NS_ASSERTIONS = NO;
				ENABLE_STRICT_OBJC_MSGSEND = YES;
				GCC_C_LANGUAGE_STANDARD = gnu11;
				GCC_NO_COMMON_BLOCKS = YES;
				GCC_WARN_64_TO_32_BIT_CONVERSION = YES;
				GCC_WARN_ABOUT_RETURN_TYPE = YES_ERROR;
				GCC_WARN_UNDECLARED_SELECTOR = YES;
				GCC_WARN_UNINITIALIZED_AUTOS = YES_AGGRESSIVE;
				GCC_WARN_UNUSED_FUNCTION = YES;
				GCC_WARN_UNUSED_VARIABLE = YES;
				IPHONEOS_DEPLOYMENT_TARGET = 15.0;
				MTL_ENABLE_DEBUG_INFO = NO;
				MTL_FAST_MATH = YES;
				SDKROOT = iphoneos;
				SWIFT_COMPILATION_MODE = wholemodule;
				SWIFT_OPTIMIZATION_LEVEL = "-O";
				VALIDATE_PRODUCT = YES;
			};
			name = Release;
		};
		74DB7120292D63A3006375A1 /* Debug */ = {
			isa = XCBuildConfiguration;
			buildSettings = {
				ASSETCATALOG_COMPILER_APPICON_NAME = AppIcon;
				ASSETCATALOG_COMPILER_GLOBAL_ACCENT_COLOR_NAME = AccentColor;
				CODE_SIGN_STYLE = Automatic;
				CURRENT_PROJECT_VERSION = 1;
				DEVELOPMENT_TEAM = 7S58P9LH7H;
				GENERATE_INFOPLIST_FILE = YES;
				INFOPLIST_FILE = UTcoin/Resources/Info.plist;
				INFOPLIST_KEY_UIApplicationSupportsIndirectInputEvents = YES;
				INFOPLIST_KEY_UILaunchStoryboardName = LaunchScreen;
				INFOPLIST_KEY_UISupportedInterfaceOrientations = UIInterfaceOrientationPortrait;
				IPHONEOS_DEPLOYMENT_TARGET = 15.0;
				LD_RUNPATH_SEARCH_PATHS = (
					"$(inherited)",
					"@executable_path/Frameworks",
				);
				MARKETING_VERSION = 1.0;
				PRODUCT_BUNDLE_IDENTIFIER = romanKarasev.UTcoin;
				PRODUCT_NAME = "$(TARGET_NAME)";
				SUPPORTED_PLATFORMS = "iphoneos iphonesimulator";
				SUPPORTS_MACCATALYST = NO;
				SUPPORTS_MAC_DESIGNED_FOR_IPHONE_IPAD = NO;
				SWIFT_EMIT_LOC_STRINGS = YES;
				SWIFT_VERSION = 5.0;
				TARGETED_DEVICE_FAMILY = "1,2";
			};
			name = Debug;
		};
		74DB7121292D63A3006375A1 /* Release */ = {
			isa = XCBuildConfiguration;
			buildSettings = {
				ASSETCATALOG_COMPILER_APPICON_NAME = AppIcon;
				ASSETCATALOG_COMPILER_GLOBAL_ACCENT_COLOR_NAME = AccentColor;
				CODE_SIGN_STYLE = Automatic;
				CURRENT_PROJECT_VERSION = 1;
				DEVELOPMENT_TEAM = 7S58P9LH7H;
				GENERATE_INFOPLIST_FILE = YES;
				INFOPLIST_FILE = UTcoin/Resources/Info.plist;
				INFOPLIST_KEY_UIApplicationSupportsIndirectInputEvents = YES;
				INFOPLIST_KEY_UILaunchStoryboardName = LaunchScreen;
				INFOPLIST_KEY_UISupportedInterfaceOrientations = UIInterfaceOrientationPortrait;
				IPHONEOS_DEPLOYMENT_TARGET = 15.0;
				LD_RUNPATH_SEARCH_PATHS = (
					"$(inherited)",
					"@executable_path/Frameworks",
				);
				MARKETING_VERSION = 1.0;
				PRODUCT_BUNDLE_IDENTIFIER = romanKarasev.UTcoin;
				PRODUCT_NAME = "$(TARGET_NAME)";
				SUPPORTED_PLATFORMS = "iphoneos iphonesimulator";
				SUPPORTS_MACCATALYST = NO;
				SUPPORTS_MAC_DESIGNED_FOR_IPHONE_IPAD = NO;
				SWIFT_EMIT_LOC_STRINGS = YES;
				SWIFT_VERSION = 5.0;
				TARGETED_DEVICE_FAMILY = "1,2";
			};
			name = Release;
		};
/* End XCBuildConfiguration section */

/* Begin XCConfigurationList section */
		74DB7106292D63A0006375A1 /* Build configuration list for PBXProject "UTcoin" */ = {
			isa = XCConfigurationList;
			buildConfigurations = (
				74DB711D292D63A3006375A1 /* Debug */,
				74DB711E292D63A3006375A1 /* Release */,
			);
			defaultConfigurationIsVisible = 0;
			defaultConfigurationName = Release;
		};
		74DB711F292D63A3006375A1 /* Build configuration list for PBXNativeTarget "UTcoin" */ = {
			isa = XCConfigurationList;
			buildConfigurations = (
				74DB7120292D63A3006375A1 /* Debug */,
				74DB7121292D63A3006375A1 /* Release */,
			);
			defaultConfigurationIsVisible = 0;
			defaultConfigurationName = Release;
		};
/* End XCConfigurationList section */
	};
	rootObject = 74DB7103292D63A0006375A1 /* Project object */;
}
